{
  "object": {
    "pins": [
      {
        "package": "KIF",
        "repositoryURL": "https://github.com/kif-framework/KIF",
        "state": {
          "branch": null,
          "revision": "709adbc64f2d8d40d48136cdd56b0a706010904b",
          "version": "3.8.6"
        }
      },
      {
        "package": "OHHTTPStubs",
        "repositoryURL": "https://github.com/AliSoftware/OHHTTPStubs",
        "state": {
          "branch": null,
          "revision": "12f19662426d0434d6c330c6974d53e2eb10ecd9",
          "version": "9.1.0"
        }
      },
      {
        "package": "SnapshotTesting",
        "repositoryURL": "https://github.com/pointfreeco/swift-snapshot-testing",
        "state": {
          "branch": null,
          "revision": "f8a9c997c3c1dab4e216a8ec9014e23144cbab37",
          "version": "1.9.0"
        }
      }
    ]
  },
  "version": 1
}
